
Microsoft Visual Studio Solution File, Format Version 12.00
# Visual Studio Version 17
VisualStudioVersion = 17.0.32112.339
MinimumVisualStudioVersion = 10.0.40219.1
Project("{FAE04EC0-301F-11D3-BF4B-00C04F79EFBC}") = "E-commerce", "E-commerce\E-commerce.csproj", "{47BBAE3F-9CC6-4C54-8833-2836539BA21F}"
EndProject
Global
	GlobalSection(SolutionConfigurationPlatforms) = preSolution
		Debug|Any CPU = Debug|Any CPU
		Release|Any CPU = Release|Any CPU
	EndGlobalSection
	GlobalSection(ProjectConfigurationPlatforms) = postSolution
		{47BBAE3F-9CC6-4C54-8833-2836539BA21F}.Debug|Any CPU.ActiveCfg = Debug|Any CPU
		{47BBAE3F-9CC6-4C54-8833-2836539BA21F}.Debug|Any CPU.Build.0 = Debug|Any CPU
		{47BBAE3F-9CC6-4C54-8833-2836539BA21F}.Release|Any CPU.ActiveCfg = Release|Any CPU
		{47BBAE3F-9CC6-4C54-8833-2836539BA21F}.Release|Any CPU.Build.0 = Release|Any CPU
	EndGlobalSection
	GlobalSection(SolutionProperties) = preSolution
		HideSolutionNode = FALSE
	EndGlobalSection
	GlobalSection(ExtensibilityGlobals) = postSolution
		SolutionGuid = {233C6F7A-C7A1-4B05-9B23-F9CC95B16CD6}
	EndGlobalSection
EndGlobal
